// !$*UTF8*$!
{
	archiveVersion = 1;
	classes = {
	};
	objectVersion = 50;
	objects = {

/* Begin PBXBuildFile section */
		3702714826DC8C140035BB35 /* GameDetailView.swift in Sources */ = {isa = PBXBuildFile; fileRef = 3702714726DC8C140035BB35 /* GameDetailView.swift */; };
		371ACCDE26CCEEFF006AFB13 /* GameApp.swift in Sources */ = {isa = PBXBuildFile; fileRef = 371ACCDD26CCEEFF006AFB13 /* GameApp.swift */; };
		371ACCE026CCEEFF006AFB13 /* NavigationBarsView.swift in Sources */ = {isa = PBXBuildFile; fileRef = 371ACCDF26CCEEFF006AFB13 /* NavigationBarsView.swift */; };
		371ACCE226CCEF01006AFB13 /* Assets.xcassets in Resources */ = {isa = PBXBuildFile; fileRef = 371ACCE126CCEF01006AFB13 /* Assets.xcassets */; };
		371ACCE526CCEF01006AFB13 /* Preview Assets.xcassets in Resources */ = {isa = PBXBuildFile; fileRef = 371ACCE426CCEF01006AFB13 /* Preview Assets.xcassets */; };
		378FB93426DB28490035D073 /* Api.swift in Sources */ = {isa = PBXBuildFile; fileRef = 378FB93326DB28490035D073 /* Api.swift */; };
		378FB93626DB2ACB0035D073 /* GameModel.swift in Sources */ = {isa = PBXBuildFile; fileRef = 378FB93526DB2ACB0035D073 /* GameModel.swift */; };
		378FB93D26DB30AC0035D073 /* GamesViewModel.swift in Sources */ = {isa = PBXBuildFile; fileRef = 378FB93C26DB30AC0035D073 /* GamesViewModel.swift */; };
		378FB93F26DB30BC0035D073 /* GamesView.swift in Sources */ = {isa = PBXBuildFile; fileRef = 378FB93E26DB30BC0035D073 /* GamesView.swift */; };
		378FB94626DB8F770035D073 /* ProfileView.swift in Sources */ = {isa = PBXBuildFile; fileRef = 378FB94526DB8F770035D073 /* ProfileView.swift */; };
		378FB94926DB90E40035D073 /* CardView.swift in Sources */ = {isa = PBXBuildFile; fileRef = 378FB94826DB90E40035D073 /* CardView.swift */; };
		378FB94D26DB9B530035D073 /* ImageView.swift in Sources */ = {isa = PBXBuildFile; fileRef = 378FB94C26DB9B530035D073 /* ImageView.swift */; };
		378FB94F26DBAE760035D073 /* SearchBarView.swift in Sources */ = {isa = PBXBuildFile; fileRef = 378FB94E26DBAE760035D073 /* SearchBarView.swift */; };
		37A0701026DD2AB700DABD2E /* GameDetailViewModel.swift in Sources */ = {isa = PBXBuildFile; fileRef = 37A0700F26DD2AB700DABD2E /* GameDetailViewModel.swift */; };
		37A14C8C26E45656007BE9CA /* DateFormat.swift in Sources */ = {isa = PBXBuildFile; fileRef = 37A14C8B26E45656007BE9CA /* DateFormat.swift */; };
		37A14C8E26E458B9007BE9CA /* ConvetHTMLView.swift in Sources */ = {isa = PBXBuildFile; fileRef = 37A14C8D26E458B9007BE9CA /* ConvetHTMLView.swift */; };
		37A14C9026E46096007BE9CA /* ImageLabelView.swift in Sources */ = {isa = PBXBuildFile; fileRef = 37A14C8F26E46096007BE9CA /* ImageLabelView.swift */; };
/* End PBXBuildFile section */

/* Begin PBXFileReference section */
		3702714726DC8C140035BB35 /* GameDetailView.swift */ = {isa = PBXFileReference; lastKnownFileType = sourcecode.swift; path = GameDetailView.swift; sourceTree = "<group>"; };
		371ACCDA26CCEEFF006AFB13 /* Game.app */ = {isa = PBXFileReference; explicitFileType = wrapper.application; includeInIndex = 0; path = Game.app; sourceTree = BUILT_PRODUCTS_DIR; };
		371ACCDD26CCEEFF006AFB13 /* GameApp.swift */ = {isa = PBXFileReference; lastKnownFileType = sourcecode.swift; path = GameApp.swift; sourceTree = "<group>"; };
		371ACCDF26CCEEFF006AFB13 /* NavigationBarsView.swift */ = {isa = PBXFileReference; lastKnownFileType = sourcecode.swift; path = NavigationBarsView.swift; sourceTree = "<group>"; };
		371ACCE126CCEF01006AFB13 /* Assets.xcassets */ = {isa = PBXFileReference; lastKnownFileType = folder.assetcatalog; path = Assets.xcassets; sourceTree = "<group>"; };
		371ACCE426CCEF01006AFB13 /* Preview Assets.xcassets */ = {isa = PBXFileReference; lastKnownFileType = folder.assetcatalog; path = "Preview Assets.xcassets"; sourceTree = "<group>"; };
		371ACCE626CCEF01006AFB13 /* Info.plist */ = {isa = PBXFileReference; lastKnownFileType = text.plist.xml; path = Info.plist; sourceTree = "<group>"; };
		378FB93326DB28490035D073 /* Api.swift */ = {isa = PBXFileReference; lastKnownFileType = sourcecode.swift; path = Api.swift; sourceTree = "<group>"; };
		378FB93526DB2ACB0035D073 /* GameModel.swift */ = {isa = PBXFileReference; lastKnownFileType = sourcecode.swift; path = GameModel.swift; sourceTree = "<group>"; };
		378FB93C26DB30AC0035D073 /* GamesViewModel.swift */ = {isa = PBXFileReference; lastKnownFileType = sourcecode.swift; path = GamesViewModel.swift; sourceTree = "<group>"; };
		378FB93E26DB30BC0035D073 /* GamesView.swift */ = {isa = PBXFileReference; lastKnownFileType = sourcecode.swift; path = GamesView.swift; sourceTree = "<group>"; };
		378FB94526DB8F770035D073 /* ProfileView.swift */ = {isa = PBXFileReference; lastKnownFileType = sourcecode.swift; path = ProfileView.swift; sourceTree = "<group>"; };
		378FB94826DB90E40035D073 /* CardView.swift */ = {isa = PBXFileReference; lastKnownFileType = sourcecode.swift; path = CardView.swift; sourceTree = "<group>"; };
		378FB94C26DB9B530035D073 /* ImageView.swift */ = {isa = PBXFileReference; lastKnownFileType = sourcecode.swift; path = ImageView.swift; sourceTree = "<group>"; };
		378FB94E26DBAE760035D073 /* SearchBarView.swift */ = {isa = PBXFileReference; lastKnownFileType = sourcecode.swift; path = SearchBarView.swift; sourceTree = "<group>"; };
		37A0700F26DD2AB700DABD2E /* GameDetailViewModel.swift */ = {isa = PBXFileReference; lastKnownFileType = sourcecode.swift; path = GameDetailViewModel.swift; sourceTree = "<group>"; };
		37A14C8B26E45656007BE9CA /* DateFormat.swift */ = {isa = PBXFileReference; lastKnownFileType = sourcecode.swift; path = DateFormat.swift; sourceTree = "<group>"; };
		37A14C8D26E458B9007BE9CA /* ConvetHTMLView.swift */ = {isa = PBXFileReference; lastKnownFileType = sourcecode.swift; path = ConvetHTMLView.swift; sourceTree = "<group>"; };
		37A14C8F26E46096007BE9CA /* ImageLabelView.swift */ = {isa = PBXFileReference; lastKnownFileType = sourcecode.swift; path = ImageLabelView.swift; sourceTree = "<group>"; };
/* End PBXFileReference section */

/* Begin PBXFrameworksBuildPhase section */
		371ACCD726CCEEFF006AFB13 /* Frameworks */ = {
			isa = PBXFrameworksBuildPhase;
			buildActionMask = 2147483647;
			files = (
			);
			runOnlyForDeploymentPostprocessing = 0;
		};
/* End PBXFrameworksBuildPhase section */

/* Begin PBXGroup section */
		3702714626DC7A6F0035BB35 /* Helper */ = {
			isa = PBXGroup;
			children = (
				37A14C8B26E45656007BE9CA /* DateFormat.swift */,
			);
			path = Helper;
			sourceTree = "<group>";
		};
		371ACCD126CCEEFF006AFB13 = {
			isa = PBXGroup;
			children = (
				371ACCDC26CCEEFF006AFB13 /* Game */,
				371ACCDB26CCEEFF006AFB13 /* Products */,
			);
			sourceTree = "<group>";
		};
		371ACCDB26CCEEFF006AFB13 /* Products */ = {
			isa = PBXGroup;
			children = (
				371ACCDA26CCEEFF006AFB13 /* Game.app */,
			);
			name = Products;
			sourceTree = "<group>";
		};
		371ACCDC26CCEEFF006AFB13 /* Game */ = {
			isa = PBXGroup;
			children = (
				378FB94726DB90C00035D073 /* Util */,
				378FB93126DB27E10035D073 /* Service */,
				378FB92F26DB27CF0035D073 /* Model */,
				378FB93B26DB308C0035D073 /* ViewModel */,
				378FB93026DB27D70035D073 /* View */,
				371ACCDD26CCEEFF006AFB13 /* GameApp.swift */,
				371ACCDF26CCEEFF006AFB13 /* NavigationBarsView.swift */,
				371ACCE126CCEF01006AFB13 /* Assets.xcassets */,
				371ACCE626CCEF01006AFB13 /* Info.plist */,
				371ACCE326CCEF01006AFB13 /* Preview Content */,
			);
			path = Game;
			sourceTree = "<group>";
		};
		371ACCE326CCEF01006AFB13 /* Preview Content */ = {
			isa = PBXGroup;
			children = (
				371ACCE426CCEF01006AFB13 /* Preview Assets.xcassets */,
			);
			path = "Preview Content";
			sourceTree = "<group>";
		};
		378FB92F26DB27CF0035D073 /* Model */ = {
			isa = PBXGroup;
			children = (
				378FB93526DB2ACB0035D073 /* GameModel.swift */,
			);
			path = Model;
			sourceTree = "<group>";
		};
		378FB93026DB27D70035D073 /* View */ = {
			isa = PBXGroup;
			children = (
				378FB94426DB8F6A0035D073 /* Profile */,
				378FB94026DB84960035D073 /* Games */,
			);
			path = View;
			sourceTree = "<group>";
		};
		378FB93126DB27E10035D073 /* Service */ = {
			isa = PBXGroup;
			children = (
				378FB93326DB28490035D073 /* Api.swift */,
			);
			path = Service;
			sourceTree = "<group>";
		};
		378FB93B26DB308C0035D073 /* ViewModel */ = {
			isa = PBXGroup;
			children = (
				378FB93C26DB30AC0035D073 /* GamesViewModel.swift */,
				37A0700F26DD2AB700DABD2E /* GameDetailViewModel.swift */,
			);
			path = ViewModel;
			sourceTree = "<group>";
		};
		378FB94026DB84960035D073 /* Games */ = {
			isa = PBXGroup;
			children = (
				378FB93E26DB30BC0035D073 /* GamesView.swift */,
			);
			path = Games;
			sourceTree = "<group>";
		};
		378FB94426DB8F6A0035D073 /* Profile */ = {
			isa = PBXGroup;
			children = (
				378FB94526DB8F770035D073 /* ProfileView.swift */,
			);
			path = Profile;
			sourceTree = "<group>";
		};
		378FB94726DB90C00035D073 /* Util */ = {
			isa = PBXGroup;
			children = (
				3702714626DC7A6F0035BB35 /* Helper */,
				378FB94A26DB9B150035D073 /* Component */,
			);
			path = Util;
			sourceTree = "<group>";
		};
		378FB94A26DB9B150035D073 /* Component */ = {
			isa = PBXGroup;
			children = (
				37A14C8D26E458B9007BE9CA /* ConvetHTMLView.swift */,
				378FB94826DB90E40035D073 /* CardView.swift */,
				378FB94C26DB9B530035D073 /* ImageView.swift */,
				378FB94E26DBAE760035D073 /* SearchBarView.swift */,
				3702714726DC8C140035BB35 /* GameDetailView.swift */,
				37A14C8F26E46096007BE9CA /* ImageLabelView.swift */,
			);
			path = Component;
			sourceTree = "<group>";
		};
/* End PBXGroup section */

/* Begin PBXNativeTarget section */
		371ACCD926CCEEFF006AFB13 /* Game */ = {
			isa = PBXNativeTarget;
			buildConfigurationList = 371ACCE926CCEF01006AFB13 /* Build configuration list for PBXNativeTarget "Game" */;
			buildPhases = (
				371ACCD626CCEEFF006AFB13 /* Sources */,
				371ACCD726CCEEFF006AFB13 /* Frameworks */,
				371ACCD826CCEEFF006AFB13 /* Resources */,
				371ACCEC26CCEF1D006AFB13 /* Run Swiftlint */,
			);
			buildRules = (
			);
			dependencies = (
			);
			name = Game;
			productName = Game;
			productReference = 371ACCDA26CCEEFF006AFB13 /* Game.app */;
			productType = "com.apple.product-type.application";
		};
/* End PBXNativeTarget section */

/* Begin PBXProject section */
		371ACCD226CCEEFF006AFB13 /* Project object */ = {
			isa = PBXProject;
			attributes = {
				LastSwiftUpdateCheck = 1250;
				LastUpgradeCheck = 1250;
				TargetAttributes = {
					371ACCD926CCEEFF006AFB13 = {
						CreatedOnToolsVersion = 12.5.1;
					};
				};
			};
			buildConfigurationList = 371ACCD526CCEEFF006AFB13 /* Build configuration list for PBXProject "Game" */;
			compatibilityVersion = "Xcode 9.3";
			developmentRegion = en;
			hasScannedForEncodings = 0;
			knownRegions = (
				en,
				Base,
			);
			mainGroup = 371ACCD126CCEEFF006AFB13;
			productRefGroup = 371ACCDB26CCEEFF006AFB13 /* Products */;
			projectDirPath = "";
			projectRoot = "";
			targets = (
				371ACCD926CCEEFF006AFB13 /* Game */,
			);
		};
/* End PBXProject section */

/* Begin PBXResourcesBuildPhase section */
		371ACCD826CCEEFF006AFB13 /* Resources */ = {
			isa = PBXResourcesBuildPhase;
			buildActionMask = 2147483647;
			files = (
				371ACCE526CCEF01006AFB13 /* Preview Assets.xcassets in Resources */,
				371ACCE226CCEF01006AFB13 /* Assets.xcassets in Resources */,
			);
			runOnlyForDeploymentPostprocessing = 0;
		};
/* End PBXResourcesBuildPhase section */

/* Begin PBXShellScriptBuildPhase section */
		371ACCEC26CCEF1D006AFB13 /* Run Swiftlint */ = {
			isa = PBXShellScriptBuildPhase;
			buildActionMask = 2147483647;
			files = (
			);
			inputFileListPaths = (
			);
			inputPaths = (
			);
			name = "Run Swiftlint";
			outputFileListPaths = (
			);
			outputPaths = (
			);
			runOnlyForDeploymentPostprocessing = 0;
			shellPath = /bin/sh;
			shellScript = "if which swiftlint >/dev/null; then\n  swiftlint\nelse\n  echo \"warning: SwiftLint not installed, download from https://github.com/realm/SwiftLint\"\nfi\n";
		};
/* End PBXShellScriptBuildPhase section */

/* Begin PBXSourcesBuildPhase section */
		371ACCD626CCEEFF006AFB13 /* Sources */ = {
			isa = PBXSourcesBuildPhase;
			buildActionMask = 2147483647;
			files = (
				378FB94D26DB9B530035D073 /* ImageView.swift in Sources */,
				378FB94626DB8F770035D073 /* ProfileView.swift in Sources */,
				378FB93426DB28490035D073 /* Api.swift in Sources */,
				3702714826DC8C140035BB35 /* GameDetailView.swift in Sources */,
				378FB94926DB90E40035D073 /* CardView.swift in Sources */,
				37A14C8E26E458B9007BE9CA /* ConvetHTMLView.swift in Sources */,
				37A14C8C26E45656007BE9CA /* DateFormat.swift in Sources */,
				378FB93F26DB30BC0035D073 /* GamesView.swift in Sources */,
				378FB93D26DB30AC0035D073 /* GamesViewModel.swift in Sources */,
				378FB94F26DBAE760035D073 /* SearchBarView.swift in Sources */,
				37A0701026DD2AB700DABD2E /* GameDetailViewModel.swift in Sources */,
				378FB93626DB2ACB0035D073 /* GameModel.swift in Sources */,
				37A14C9026E46096007BE9CA /* ImageLabelView.swift in Sources */,
				371ACCE026CCEEFF006AFB13 /* NavigationBarsView.swift in Sources */,
				371ACCDE26CCEEFF006AFB13 /* GameApp.swift in Sources */,
			);
			runOnlyForDeploymentPostprocessing = 0;
		};
/* End PBXSourcesBuildPhase section */

/* Begin XCBuildConfiguration section */
		371ACCE726CCEF01006AFB13 /* Debug */ = {
			isa = XCBuildConfiguration;
			buildSettings = {
				ALWAYS_SEARCH_USER_PATHS = NO;
				CLANG_ANALYZER_NONNULL = YES;
				CLANG_ANALYZER_NUMBER_OBJECT_CONVERSION = YES_AGGRESSIVE;
				CLANG_CXX_LANGUAGE_STANDARD = "gnu++14";
				CLANG_CXX_LIBRARY = "libc++";
				CLANG_ENABLE_MODULES = YES;
				CLANG_ENABLE_OBJC_ARC = YES;
				CLANG_ENABLE_OBJC_WEAK = YES;
				CLANG_WARN_BLOCK_CAPTURE_AUTORELEASING = YES;
				CLANG_WARN_BOOL_CONVERSION = YES;
				CLANG_WARN_COMMA = YES;
				CLANG_WARN_CONSTANT_CONVERSION = YES;
				CLANG_WARN_DEPRECATED_OBJC_IMPLEMENTATIONS = YES;
				CLANG_WARN_DIRECT_OBJC_ISA_USAGE = YES_ERROR;
				CLANG_WARN_DOCUMENTATION_COMMENTS = YES;
				CLANG_WARN_EMPTY_BODY = YES;
				CLANG_WARN_ENUM_CONVERSION = YES;
				CLANG_WARN_INFINITE_RECURSION = YES;
				CLANG_WARN_INT_CONVERSION = YES;
				CLANG_WARN_NON_LITERAL_NULL_CONVERSION = YES;
				CLANG_WARN_OBJC_IMPLICIT_RETAIN_SELF = YES;
				CLANG_WARN_OBJC_LITERAL_CONVERSION = YES;
				CLANG_WARN_OBJC_ROOT_CLASS = YES_ERROR;
				CLANG_WARN_QUOTED_INCLUDE_IN_FRAMEWORK_HEADER = YES;
				CLANG_WARN_RANGE_LOOP_ANALYSIS = YES;
				CLANG_WARN_STRICT_PROTOTYPES = YES;
				CLANG_WARN_SUSPICIOUS_MOVE = YES;
				CLANG_WARN_UNGUARDED_AVAILABILITY = YES_AGGRESSIVE;
				CLANG_WARN_UNREACHABLE_CODE = YES;
				CLANG_WARN__DUPLICATE_METHOD_MATCH = YES;
				COPY_PHASE_STRIP = NO;
				DEBUG_INFORMATION_FORMAT = dwarf;
				ENABLE_STRICT_OBJC_MSGSEND = YES;
				ENABLE_TESTABILITY = YES;
				GCC_C_LANGUAGE_STANDARD = gnu11;
				GCC_DYNAMIC_NO_PIC = NO;
				GCC_NO_COMMON_BLOCKS = YES;
				GCC_OPTIMIZATION_LEVEL = 0;
				GCC_PREPROCESSOR_DEFINITIONS = (
					"DEBUG=1",
					"$(inherited)",
				);
				GCC_WARN_64_TO_32_BIT_CONVERSION = YES;
				GCC_WARN_ABOUT_RETURN_TYPE = YES_ERROR;
				GCC_WARN_UNDECLARED_SELECTOR = YES;
				GCC_WARN_UNINITIALIZED_AUTOS = YES_AGGRESSIVE;
				GCC_WARN_UNUSED_FUNCTION = YES;
				GCC_WARN_UNUSED_VARIABLE = YES;
				IPHONEOS_DEPLOYMENT_TARGET = 14.5;
				MTL_ENABLE_DEBUG_INFO = INCLUDE_SOURCE;
				MTL_FAST_MATH = YES;
				ONLY_ACTIVE_ARCH = YES;
				SDKROOT = iphoneos;
				SWIFT_ACTIVE_COMPILATION_CONDITIONS = DEBUG;
				SWIFT_OPTIMIZATION_LEVEL = "-Onone";
			};
			name = Debug;
		};
		371ACCE826CCEF01006AFB13 /* Release */ = {
			isa = XCBuildConfiguration;
			buildSettings = {
				ALWAYS_SEARCH_USER_PATHS = NO;
				CLANG_ANALYZER_NONNULL = YES;
				CLANG_ANALYZER_NUMBER_OBJECT_CONVERSION = YES_AGGRESSIVE;
				CLANG_CXX_LANGUAGE_STANDARD = "gnu++14";
				CLANG_CXX_LIBRARY = "libc++";
				CLANG_ENABLE_MODULES = YES;
				CLANG_ENABLE_OBJC_ARC = YES;
				CLANG_ENABLE_OBJC_WEAK = YES;
				CLANG_WARN_BLOCK_CAPTURE_AUTORELEASING = YES;
				CLANG_WARN_BOOL_CONVERSION = YES;
				CLANG_WARN_COMMA = YES;
				CLANG_WARN_CONSTANT_CONVERSION = YES;
				CLANG_WARN_DEPRECATED_OBJC_IMPLEMENTATIONS = YES;
				CLANG_WARN_DIRECT_OBJC_ISA_USAGE = YES_ERROR;
				CLANG_WARN_DOCUMENTATION_COMMENTS = YES;
				CLANG_WARN_EMPTY_BODY = YES;
				CLANG_WARN_ENUM_CONVERSION = YES;
				CLANG_WARN_INFINITE_RECURSION = YES;
				CLANG_WARN_INT_CONVERSION = YES;
				CLANG_WARN_NON_LITERAL_NULL_CONVERSION = YES;
				CLANG_WARN_OBJC_IMPLICIT_RETAIN_SELF = YES;
				CLANG_WARN_OBJC_LITERAL_CONVERSION = YES;
				CLANG_WARN_OBJC_ROOT_CLASS = YES_ERROR;
				CLANG_WARN_QUOTED_INCLUDE_IN_FRAMEWORK_HEADER = YES;
				CLANG_WARN_RANGE_LOOP_ANALYSIS = YES;
				CLANG_WARN_STRICT_PROTOTYPES = YES;
				CLANG_WARN_SUSPICIOUS_MOVE = YES;
				CLANG_WARN_UNGUARDED_AVAILABILITY = YES_AGGRESSIVE;
				CLANG_WARN_UNREACHABLE_CODE = YES;
				CLANG_WARN__DUPLICATE_METHOD_MATCH = YES;
				COPY_PHASE_STRIP = NO;
				DEBUG_INFORMATION_FORMAT = "dwarf-with-dsym";
				ENABLE_NS_ASSERTIONS = NO;
				ENABLE_STRICT_OBJC_MSGSEND = YES;
				GCC_C_LANGUAGE_STANDARD = gnu11;
				GCC_NO_COMMON_BLOCKS = YES;
				GCC_WARN_64_TO_32_BIT_CONVERSION = YES;
				GCC_WARN_ABOUT_RETURN_TYPE = YES_ERROR;
				GCC_WARN_UNDECLARED_SELECTOR = YES;
				GCC_WARN_UNINITIALIZED_AUTOS = YES_AGGRESSIVE;
				GCC_WARN_UNUSED_FUNCTION = YES;
				GCC_WARN_UNUSED_VARIABLE = YES;
				IPHONEOS_DEPLOYMENT_TARGET = 14.5;
				MTL_ENABLE_DEBUG_INFO = NO;
				MTL_FAST_MATH = YES;
				SDKROOT = iphoneos;
				SWIFT_COMPILATION_MODE = wholemodule;
				SWIFT_OPTIMIZATION_LEVEL = "-O";
				VALIDATE_PRODUCT = YES;
			};
			name = Release;
		};
		371ACCEA26CCEF01006AFB13 /* Debug */ = {
			isa = XCBuildConfiguration;
			buildSettings = {
				ASSETCATALOG_COMPILER_APPICON_NAME = AppIcon;
				ASSETCATALOG_COMPILER_GLOBAL_ACCENT_COLOR_NAME = AccentColor;
				CODE_SIGN_STYLE = Automatic;
				DEVELOPMENT_ASSET_PATHS = "\"Game/Preview Content\"";
				ENABLE_PREVIEWS = YES;
				INFOPLIST_FILE = Game/Info.plist;
				IPHONEOS_DEPLOYMENT_TARGET = 14.0;
				LD_RUNPATH_SEARCH_PATHS = (
					"$(inherited)",
					"@executable_path/Frameworks",
				);
				PRODUCT_BUNDLE_IDENTIFIER = com.keva.Game;
				PRODUCT_NAME = "$(TARGET_NAME)";
				SWIFT_VERSION = 5.0;
				TARGETED_DEVICE_FAMILY = "1,2";
			};
			name = Debug;
		};
		371ACCEB26CCEF01006AFB13 /* Release */ = {
			isa = XCBuildConfiguration;
			buildSettings = {
				ASSETCATALOG_COMPILER_APPICON_NAME = AppIcon;
				ASSETCATALOG_COMPILER_GLOBAL_ACCENT_COLOR_NAME = AccentColor;
				CODE_SIGN_STYLE = Automatic;
				DEVELOPMENT_ASSET_PATHS = "\"Game/Preview Content\"";
				ENABLE_PREVIEWS = YES;
				INFOPLIST_FILE = Game/Info.plist;
				IPHONEOS_DEPLOYMENT_TARGET = 14.0;
				LD_RUNPATH_SEARCH_PATHS = (
					"$(inherited)",
					"@executable_path/Frameworks",
				);
				PRODUCT_BUNDLE_IDENTIFIER = com.keva.Game;
				PRODUCT_NAME = "$(TARGET_NAME)";
				SWIFT_VERSION = 5.0;
				TARGETED_DEVICE_FAMILY = "1,2";
			};
			name = Release;
		};
/* End XCBuildConfiguration section */

/* Begin XCConfigurationList section */
		371ACCD526CCEEFF006AFB13 /* Build configuration list for PBXProject "Game" */ = {
			isa = XCConfigurationList;
			buildConfigurations = (
				371ACCE726CCEF01006AFB13 /* Debug */,
				371ACCE826CCEF01006AFB13 /* Release */,
			);
			defaultConfigurationIsVisible = 0;
			defaultConfigurationName = Release;
		};
		371ACCE926CCEF01006AFB13 /* Build configuration list for PBXNativeTarget "Game" */ = {
			isa = XCConfigurationList;
			buildConfigurations = (
				371ACCEA26CCEF01006AFB13 /* Debug */,
				371ACCEB26CCEF01006AFB13 /* Release */,
			);
			defaultConfigurationIsVisible = 0;
			defaultConfigurationName = Release;
		};
/* End XCConfigurationList section */
	};
	rootObject = 371ACCD226CCEEFF006AFB13 /* Project object */;
}
